
Microsoft Visual Studio Solution File, Format Version 12.00
# Visual Studio Version 16
VisualStudioVersion = 16.0.30517.126
MinimumVisualStudioVersion = 10.0.40219.1
Project("{FAE04EC0-301F-11D3-BF4B-00C04F79EFBC}") = "4", "4\4.csproj", "{4E4E59C7-556E-4427-969E-349FE8CBB563}"
EndProject
Global
	GlobalSection(SolutionConfigurationPlatforms) = preSolution
		Debug|Any CPU = Debug|Any CPU
		Release|Any CPU = Release|Any CPU
	EndGlobalSection
	GlobalSection(ProjectConfigurationPlatforms) = postSolution
		{4E4E59C7-556E-4427-969E-349FE8CBB563}.Debug|Any CPU.ActiveCfg = Debug|Any CPU
		{4E4E59C7-556E-4427-969E-349FE8CBB563}.Debug|Any CPU.Build.0 = Debug|Any CPU
		{4E4E59C7-556E-4427-969E-349FE8CBB563}.Release|Any CPU.ActiveCfg = Release|Any CPU
		{4E4E59C7-556E-4427-969E-349FE8CBB563}.Release|Any CPU.Build.0 = Release|Any CPU
	EndGlobalSection
	GlobalSection(SolutionProperties) = preSolution
		HideSolutionNode = FALSE
	EndGlobalSection
	GlobalSection(ExtensibilityGlobals) = postSolution
		SolutionGuid = {F6A1B5B4-8106-45BB-B515-C1AD2A556130}
	EndGlobalSection
EndGlobal
